
Microsoft Visual Studio Solution File, Format Version 12.00
# Visual Studio Version 16
VisualStudioVersion = 16.0.29025.244
MinimumVisualStudioVersion = 10.0.40219.1
Project("{FAE04EC0-301F-11D3-BF4B-00C04F79EFBC}") = "BusinessNamingApp", "ConsoleApp7\BusinessNamingApp.csproj", "{C4090CA9-C46C-4AA2-9260-39019439764D}"
EndProject
Global
	GlobalSection(SolutionConfigurationPlatforms) = preSolution
		Debug|Any CPU = Debug|Any CPU
		Release|Any CPU = Release|Any CPU
	EndGlobalSection
	GlobalSection(ProjectConfigurationPlatforms) = postSolution
		{C4090CA9-C46C-4AA2-9260-39019439764D}.Debug|Any CPU.ActiveCfg = Debug|Any CPU
		{C4090CA9-C46C-4AA2-9260-39019439764D}.Debug|Any CPU.Build.0 = Debug|Any CPU
		{C4090CA9-C46C-4AA2-9260-39019439764D}.Release|Any CPU.ActiveCfg = Release|Any CPU
		{C4090CA9-C46C-4AA2-9260-39019439764D}.Release|Any CPU.Build.0 = Release|Any CPU
	EndGlobalSection
	GlobalSection(SolutionProperties) = preSolution
		HideSolutionNode = FALSE
	EndGlobalSection
	GlobalSection(ExtensibilityGlobals) = postSolution
		SolutionGuid = {01B5AED6-3F94-4897-AFB2-0A016D533EA8}
	EndGlobalSection
EndGlobal
